
Microsoft Visual Studio Solution File, Format Version 12.00
# Visual Studio Version 16
VisualStudioVersion = 16.0.31911.196
MinimumVisualStudioVersion = 10.0.40219.1
Project("{FAE04EC0-301F-11D3-BF4B-00C04F79EFBC}") = "tuan4_TranBinhMinh", "tuan4_TranBinhMinh\tuan4_TranBinhMinh.csproj", "{A72BEC55-9611-468A-911D-7A55BAEA9A69}"
EndProject
Global
	GlobalSection(SolutionConfigurationPlatforms) = preSolution
		Debug|Any CPU = Debug|Any CPU
		Release|Any CPU = Release|Any CPU
	EndGlobalSection
	GlobalSection(ProjectConfigurationPlatforms) = postSolution
		{A72BEC55-9611-468A-911D-7A55BAEA9A69}.Debug|Any CPU.ActiveCfg = Debug|Any CPU
		{A72BEC55-9611-468A-911D-7A55BAEA9A69}.Debug|Any CPU.Build.0 = Debug|Any CPU
		{A72BEC55-9611-468A-911D-7A55BAEA9A69}.Release|Any CPU.ActiveCfg = Release|Any CPU
		{A72BEC55-9611-468A-911D-7A55BAEA9A69}.Release|Any CPU.Build.0 = Release|Any CPU
	EndGlobalSection
	GlobalSection(SolutionProperties) = preSolution
		HideSolutionNode = FALSE
	EndGlobalSection
	GlobalSection(ExtensibilityGlobals) = postSolution
		SolutionGuid = {003CFB2E-05DA-40A2-9D74-82031B95C64A}
	EndGlobalSection
EndGlobal
